// !$*UTF8*$!
{
	archiveVersion = 1;
	classes = {
	};
	objectVersion = 50;
	objects = {

/* Begin PBXBuildFile section */
		F25F09D62567CD9000864CD5 /* AppDelegate.m in Sources */ = {isa = PBXBuildFile; fileRef = F25F09D52567CD9000864CD5 /* AppDelegate.m */; };
		F25F09D82567CD9100864CD5 /* Assets.xcassets in Resources */ = {isa = PBXBuildFile; fileRef = F25F09D72567CD9100864CD5 /* Assets.xcassets */; };
		F25F09DB2567CD9100864CD5 /* MainMenu.xib in Resources */ = {isa = PBXBuildFile; fileRef = F25F09D92567CD9100864CD5 /* MainMenu.xib */; };
		F25F09DE2567CD9100864CD5 /* main.m in Sources */ = {isa = PBXBuildFile; fileRef = F25F09DD2567CD9100864CD5 /* main.m */; };
		F25F09E62567CEE500864CD5 /* NSCustomAlert.mm in Sources */ = {isa = PBXBuildFile; fileRef = F25F09E52567CEE500864CD5 /* NSCustomAlert.mm */; };
/* End PBXBuildFile section */

/* Begin PBXFileReference section */
		F25F09D12567CD9000864CD5 /* NSCustomAlert.app */ = {isa = PBXFileReference; explicitFileType = wrapper.application; includeInIndex = 0; path = NSCustomAlert.app; sourceTree = BUILT_PRODUCTS_DIR; };
		F25F09D42567CD9000864CD5 /* AppDelegate.h */ = {isa = PBXFileReference; lastKnownFileType = sourcecode.c.h; path = AppDelegate.h; sourceTree = "<group>"; };
		F25F09D52567CD9000864CD5 /* AppDelegate.m */ = {isa = PBXFileReference; lastKnownFileType = sourcecode.c.objc; path = AppDelegate.m; sourceTree = "<group>"; };
		F25F09D72567CD9100864CD5 /* Assets.xcassets */ = {isa = PBXFileReference; lastKnownFileType = folder.assetcatalog; path = Assets.xcassets; sourceTree = "<group>"; };
		F25F09DA2567CD9100864CD5 /* Base */ = {isa = PBXFileReference; lastKnownFileType = file.xib; name = Base; path = Base.lproj/MainMenu.xib; sourceTree = "<group>"; };
		F25F09DC2567CD9100864CD5 /* Info.plist */ = {isa = PBXFileReference; lastKnownFileType = text.plist.xml; path = Info.plist; sourceTree = "<group>"; };
		F25F09DD2567CD9100864CD5 /* main.m */ = {isa = PBXFileReference; lastKnownFileType = sourcecode.c.objc; path = main.m; sourceTree = "<group>"; };
		F25F09E52567CEE500864CD5 /* NSCustomAlert.mm */ = {isa = PBXFileReference; fileEncoding = 4; lastKnownFileType = sourcecode.cpp.objcpp; path = NSCustomAlert.mm; sourceTree = "<group>"; };
		F25F09E72567D14300864CD5 /* NSCustomAlert.h */ = {isa = PBXFileReference; lastKnownFileType = sourcecode.c.h; path = NSCustomAlert.h; sourceTree = "<group>"; };
		F281946D256A4FEE00BCAB68 /* NSCustomAlert.entitlements */ = {isa = PBXFileReference; lastKnownFileType = text.plist.entitlements; path = NSCustomAlert.entitlements; sourceTree = "<group>"; };
		F281946E256A573B00BCAB68 /* NSCustomAlertProtocol.h */ = {isa = PBXFileReference; lastKnownFileType = sourcecode.c.h; path = NSCustomAlertProtocol.h; sourceTree = "<group>"; };
/* End PBXFileReference section */

/* Begin PBXFrameworksBuildPhase section */
		F25F09CE2567CD9000864CD5 /* Frameworks */ = {
			isa = PBXFrameworksBuildPhase;
			buildActionMask = 2147483647;
			files = (
			);
			runOnlyForDeploymentPostprocessing = 0;
		};
/* End PBXFrameworksBuildPhase section */

/* Begin PBXGroup section */
		F25F09C82567CD9000864CD5 = {
			isa = PBXGroup;
			children = (
				F25F09D32567CD9000864CD5 /* NSCustomAlert */,
				F25F09D22567CD9000864CD5 /* Products */,
			);
			sourceTree = "<group>";
		};
		F25F09D22567CD9000864CD5 /* Products */ = {
			isa = PBXGroup;
			children = (
				F25F09D12567CD9000864CD5 /* NSCustomAlert.app */,
			);
			name = Products;
			sourceTree = "<group>";
		};
		F25F09D32567CD9000864CD5 /* NSCustomAlert */ = {
			isa = PBXGroup;
			children = (
				F25F09D42567CD9000864CD5 /* AppDelegate.h */,
				F25F09D52567CD9000864CD5 /* AppDelegate.m */,
				F25F09E52567CEE500864CD5 /* NSCustomAlert.mm */,
				F25F09E72567D14300864CD5 /* NSCustomAlert.h */,
				F281946E256A573B00BCAB68 /* NSCustomAlertProtocol.h */,
				F25F09D72567CD9100864CD5 /* Assets.xcassets */,
				F25F09D92567CD9100864CD5 /* MainMenu.xib */,
				F25F09DC2567CD9100864CD5 /* Info.plist */,
				F25F09DD2567CD9100864CD5 /* main.m */,
				F281946D256A4FEE00BCAB68 /* NSCustomAlert.entitlements */,
			);
			path = NSCustomAlert;
			sourceTree = "<group>";
		};
/* End PBXGroup section */

/* Begin PBXNativeTarget section */
		F25F09D02567CD9000864CD5 /* NSCustomAlert */ = {
			isa = PBXNativeTarget;
			buildConfigurationList = F25F09E22567CD9100864CD5 /* Build configuration list for PBXNativeTarget "NSCustomAlert" */;
			buildPhases = (
				F25F09CD2567CD9000864CD5 /* Sources */,
				F25F09CE2567CD9000864CD5 /* Frameworks */,
				F25F09CF2567CD9000864CD5 /* Resources */,
			);
			buildRules = (
			);
			dependencies = (
			);
			name = NSCustomAlert;
			productName = NSCustomAlert;
			productReference = F25F09D12567CD9000864CD5 /* NSCustomAlert.app */;
			productType = "com.apple.product-type.application";
		};
/* End PBXNativeTarget section */

/* Begin PBXProject section */
		F25F09C92567CD9000864CD5 /* Project object */ = {
			isa = PBXProject;
			attributes = {
				LastUpgradeCheck = 0940;
				ORGANIZATIONNAME = "Mark Coniglio";
				TargetAttributes = {
					F25F09D02567CD9000864CD5 = {
						CreatedOnToolsVersion = 9.4.1;
					};
				};
			};
			buildConfigurationList = F25F09CC2567CD9000864CD5 /* Build configuration list for PBXProject "NSCustomAlert" */;
			compatibilityVersion = "Xcode 9.3";
			developmentRegion = en;
			hasScannedForEncodings = 0;
			knownRegions = (
				en,
				Base,
			);
			mainGroup = F25F09C82567CD9000864CD5;
			productRefGroup = F25F09D22567CD9000864CD5 /* Products */;
			projectDirPath = "";
			projectRoot = "";
			targets = (
				F25F09D02567CD9000864CD5 /* NSCustomAlert */,
			);
		};
/* End PBXProject section */

/* Begin PBXResourcesBuildPhase section */
		F25F09CF2567CD9000864CD5 /* Resources */ = {
			isa = PBXResourcesBuildPhase;
			buildActionMask = 2147483647;
			files = (
				F25F09D82567CD9100864CD5 /* Assets.xcassets in Resources */,
				F25F09DB2567CD9100864CD5 /* MainMenu.xib in Resources */,
			);
			runOnlyForDeploymentPostprocessing = 0;
		};
/* End PBXResourcesBuildPhase section */

/* Begin PBXSourcesBuildPhase section */
		F25F09CD2567CD9000864CD5 /* Sources */ = {
			isa = PBXSourcesBuildPhase;
			buildActionMask = 2147483647;
			files = (
				F25F09DE2567CD9100864CD5 /* main.m in Sources */,
				F25F09D62567CD9000864CD5 /* AppDelegate.m in Sources */,
				F25F09E62567CEE500864CD5 /* NSCustomAlert.mm in Sources */,
			);
			runOnlyForDeploymentPostprocessing = 0;
		};
/* End PBXSourcesBuildPhase section */

/* Begin PBXVariantGroup section */
		F25F09D92567CD9100864CD5 /* MainMenu.xib */ = {
			isa = PBXVariantGroup;
			children = (
				F25F09DA2567CD9100864CD5 /* Base */,
			);
			name = MainMenu.xib;
			sourceTree = "<group>";
		};
/* End PBXVariantGroup section */

/* Begin XCBuildConfiguration section */
		F25F09E02567CD9100864CD5 /* Debug */ = {
			isa = XCBuildConfiguration;
			buildSettings = {
				ALWAYS_SEARCH_USER_PATHS = NO;
				CLANG_ANALYZER_NONNULL = YES;
				CLANG_ANALYZER_NUMBER_OBJECT_CONVERSION = YES_AGGRESSIVE;
				CLANG_CXX_LANGUAGE_STANDARD = "gnu++14";
				CLANG_CXX_LIBRARY = "libc++";
				CLANG_ENABLE_MODULES = YES;
				CLANG_ENABLE_OBJC_ARC = NO;
				CLANG_ENABLE_OBJC_WEAK = YES;
				CLANG_WARN_BLOCK_CAPTURE_AUTORELEASING = YES;
				CLANG_WARN_BOOL_CONVERSION = YES;
				CLANG_WARN_COMMA = YES;
				CLANG_WARN_CONSTANT_CONVERSION = YES;
				CLANG_WARN_DEPRECATED_OBJC_IMPLEMENTATIONS = YES;
				CLANG_WARN_DIRECT_OBJC_ISA_USAGE = YES_ERROR;
				CLANG_WARN_DOCUMENTATION_COMMENTS = YES;
				CLANG_WARN_EMPTY_BODY = YES;
				CLANG_WARN_ENUM_CONVERSION = YES;
				CLANG_WARN_INFINITE_RECURSION = YES;
				CLANG_WARN_INT_CONVERSION = YES;
				CLANG_WARN_NON_LITERAL_NULL_CONVERSION = YES;
				CLANG_WARN_OBJC_IMPLICIT_RETAIN_SELF = YES;
				CLANG_WARN_OBJC_LITERAL_CONVERSION = YES;
				CLANG_WARN_OBJC_ROOT_CLASS = YES_ERROR;
				CLANG_WARN_RANGE_LOOP_ANALYSIS = YES;
				CLANG_WARN_STRICT_PROTOTYPES = YES;
				CLANG_WARN_SUSPICIOUS_MOVE = YES;
				CLANG_WARN_UNGUARDED_AVAILABILITY = YES_AGGRESSIVE;
				CLANG_WARN_UNREACHABLE_CODE = YES;
				CLANG_WARN__DUPLICATE_METHOD_MATCH = YES;
				CODE_SIGN_IDENTITY = "Mac Developer";
				COPY_PHASE_STRIP = NO;
				DEBUG_INFORMATION_FORMAT = dwarf;
				ENABLE_STRICT_OBJC_MSGSEND = YES;
				ENABLE_TESTABILITY = YES;
				GCC_C_LANGUAGE_STANDARD = gnu11;
				GCC_DYNAMIC_NO_PIC = NO;
				GCC_NO_COMMON_BLOCKS = YES;
				GCC_OPTIMIZATION_LEVEL = 0;
				GCC_PREPROCESSOR_DEFINITIONS = (
					"DEBUG=1",
					"$(inherited)",
				);
				GCC_WARN_64_TO_32_BIT_CONVERSION = YES;
				GCC_WARN_ABOUT_RETURN_TYPE = YES_ERROR;
				GCC_WARN_UNDECLARED_SELECTOR = YES;
				GCC_WARN_UNINITIALIZED_AUTOS = YES_AGGRESSIVE;
				GCC_WARN_UNUSED_FUNCTION = YES;
				GCC_WARN_UNUSED_VARIABLE = YES;
				MACOSX_DEPLOYMENT_TARGET = 10.13;
				MTL_ENABLE_DEBUG_INFO = YES;
				ONLY_ACTIVE_ARCH = YES;
				SDKROOT = macosx;
			};
			name = Debug;
		};
		F25F09E12567CD9100864CD5 /* Release */ = {
			isa = XCBuildConfiguration;
			buildSettings = {
				ALWAYS_SEARCH_USER_PATHS = NO;
				CLANG_ANALYZER_NONNULL = YES;
				CLANG_ANALYZER_NUMBER_OBJECT_CONVERSION = YES_AGGRESSIVE;
				CLANG_CXX_LANGUAGE_STANDARD = "gnu++14";
				CLANG_CXX_LIBRARY = "libc++";
				CLANG_ENABLE_MODULES = YES;
				CLANG_ENABLE_OBJC_ARC = NO;
				CLANG_ENABLE_OBJC_WEAK = YES;
				CLANG_WARN_BLOCK_CAPTURE_AUTORELEASING = YES;
				CLANG_WARN_BOOL_CONVERSION = YES;
				CLANG_WARN_COMMA = YES;
				CLANG_WARN_CONSTANT_CONVERSION = YES;
				CLANG_WARN_DEPRECATED_OBJC_IMPLEMENTATIONS = YES;
				CLANG_WARN_DIRECT_OBJC_ISA_USAGE = YES_ERROR;
				CLANG_WARN_DOCUMENTATION_COMMENTS = YES;
				CLANG_WARN_EMPTY_BODY = YES;
				CLANG_WARN_ENUM_CONVERSION = YES;
				CLANG_WARN_INFINITE_RECURSION = YES;
				CLANG_WARN_INT_CONVERSION = YES;
				CLANG_WARN_NON_LITERAL_NULL_CONVERSION = YES;
				CLANG_WARN_OBJC_IMPLICIT_RETAIN_SELF = YES;
				CLANG_WARN_OBJC_LITERAL_CONVERSION = YES;
				CLANG_WARN_OBJC_ROOT_CLASS = YES_ERROR;
				CLANG_WARN_RANGE_LOOP_ANALYSIS = YES;
				CLANG_WARN_STRICT_PROTOTYPES = YES;
				CLANG_WARN_SUSPICIOUS_MOVE = YES;
				CLANG_WARN_UNGUARDED_AVAILABILITY = YES_AGGRESSIVE;
				CLANG_WARN_UNREACHABLE_CODE = YES;
				CLANG_WARN__DUPLICATE_METHOD_MATCH = YES;
				CODE_SIGN_IDENTITY = "Mac Developer";
				COPY_PHASE_STRIP = NO;
				DEBUG_INFORMATION_FORMAT = "dwarf-with-dsym";
				ENABLE_NS_ASSERTIONS = NO;
				ENABLE_STRICT_OBJC_MSGSEND = YES;
				GCC_C_LANGUAGE_STANDARD = gnu11;
				GCC_NO_COMMON_BLOCKS = YES;
				GCC_WARN_64_TO_32_BIT_CONVERSION = YES;
				GCC_WARN_ABOUT_RETURN_TYPE = YES_ERROR;
				GCC_WARN_UNDECLARED_SELECTOR = YES;
				GCC_WARN_UNINITIALIZED_AUTOS = YES_AGGRESSIVE;
				GCC_WARN_UNUSED_FUNCTION = YES;
				GCC_WARN_UNUSED_VARIABLE = YES;
				MACOSX_DEPLOYMENT_TARGET = 10.13;
				MTL_ENABLE_DEBUG_INFO = NO;
				SDKROOT = macosx;
			};
			name = Release;
		};
		F25F09E32567CD9100864CD5 /* Debug */ = {
			isa = XCBuildConfiguration;
			buildSettings = {
				ASSETCATALOG_COMPILER_APPICON_NAME = AppIcon;
				CODE_SIGN_ENTITLEMENTS = NSCustomAlert/NSCustomAlert.entitlements;
				CODE_SIGN_IDENTITY = "-";
				CODE_SIGN_STYLE = Automatic;
				COMBINE_HIDPI_IMAGES = YES;
				DEVELOPMENT_TEAM = "";
				INFOPLIST_FILE = NSCustomAlert/Info.plist;
				LD_RUNPATH_SEARCH_PATHS = (
					"$(inherited)",
					"@executable_path/../Frameworks",
				);
				PRODUCT_BUNDLE_IDENTIFIER = com.troikatronix.NSCustomAlert;
				PRODUCT_NAME = "$(TARGET_NAME)";
			};
			name = Debug;
		};
		F25F09E42567CD9100864CD5 /* Release */ = {
			isa = XCBuildConfiguration;
			buildSettings = {
				ASSETCATALOG_COMPILER_APPICON_NAME = AppIcon;
				CODE_SIGN_ENTITLEMENTS = NSCustomAlert/NSCustomAlert.entitlements;
				CODE_SIGN_IDENTITY = "-";
				CODE_SIGN_STYLE = Automatic;
				COMBINE_HIDPI_IMAGES = YES;
				DEVELOPMENT_TEAM = "";
				INFOPLIST_FILE = NSCustomAlert/Info.plist;
				LD_RUNPATH_SEARCH_PATHS = (
					"$(inherited)",
					"@executable_path/../Frameworks",
				);
				PRODUCT_BUNDLE_IDENTIFIER = com.troikatronix.NSCustomAlert;
				PRODUCT_NAME = "$(TARGET_NAME)";
			};
			name = Release;
		};
/* End XCBuildConfiguration section */

/* Begin XCConfigurationList section */
		F25F09CC2567CD9000864CD5 /* Build configuration list for PBXProject "NSCustomAlert" */ = {
			isa = XCConfigurationList;
			buildConfigurations = (
				F25F09E02567CD9100864CD5 /* Debug */,
				F25F09E12567CD9100864CD5 /* Release */,
			);
			defaultConfigurationIsVisible = 0;
			defaultConfigurationName = Release;
		};
		F25F09E22567CD9100864CD5 /* Build configuration list for PBXNativeTarget "NSCustomAlert" */ = {
			isa = XCConfigurationList;
			buildConfigurations = (
				F25F09E32567CD9100864CD5 /* Debug */,
				F25F09E42567CD9100864CD5 /* Release */,
			);
			defaultConfigurationIsVisible = 0;
			defaultConfigurationName = Release;
		};
/* End XCConfigurationList section */
	};
	rootObject = F25F09C92567CD9000864CD5 /* Project object */;
}
