// !$*UTF8*$!
{
	archiveVersion = 1;
	classes = {
	};
	objectVersion = 50;
	objects = {

/* Begin PBXBuildFile section */
		5B2BB698296BD329005E39E0 /* AppDelegate.swift in Sources */ = {isa = PBXBuildFile; fileRef = 5B2BB697296BD329005E39E0 /* AppDelegate.swift */; };
		5B2BB69A296BD32C005E39E0 /* Assets.xcassets in Resources */ = {isa = PBXBuildFile; fileRef = 5B2BB699296BD32C005E39E0 /* Assets.xcassets */; };
		5B2BB69D296BD32C005E39E0 /* MainMenu.xib in Resources */ = {isa = PBXBuildFile; fileRef = 5B2BB69B296BD32C005E39E0 /* MainMenu.xib */; };
		5B2BB6A3296BD34C005E39E0 /* NSClassicAlert.framework in Frameworks */ = {isa = PBXBuildFile; fileRef = 5B375A1F296AB5E50078574C /* NSClassicAlert.framework */; };
		5B2BB6A4296BD34C005E39E0 /* NSClassicAlert.framework in Embed Frameworks */ = {isa = PBXBuildFile; fileRef = 5B375A1F296AB5E50078574C /* NSClassicAlert.framework */; settings = {ATTRIBUTES = (CodeSignOnCopy, RemoveHeadersOnCopy, ); }; };
		5B375A23296AB5E50078574C /* NSClassicAlert.docc in Sources */ = {isa = PBXBuildFile; fileRef = 5B375A22296AB5E50078574C /* NSClassicAlert.docc */; };
		5B375A29296AB5E50078574C /* NSClassicAlert.framework in Frameworks */ = {isa = PBXBuildFile; fileRef = 5B375A1F296AB5E50078574C /* NSClassicAlert.framework */; };
		5B375A2E296AB5E50078574C /* NSClassicAlertTests.swift in Sources */ = {isa = PBXBuildFile; fileRef = 5B375A2D296AB5E50078574C /* NSClassicAlertTests.swift */; };
		5B375A36296AB6AB0078574C /* NSClassicAlert.swift in Sources */ = {isa = PBXBuildFile; fileRef = 5B375A21296AB5E50078574C /* NSClassicAlert.swift */; };
		F25F09D62567CD9000864CD5 /* AppDelegate.m in Sources */ = {isa = PBXBuildFile; fileRef = F25F09D52567CD9000864CD5 /* AppDelegate.m */; };
		F25F09D82567CD9100864CD5 /* Assets.xcassets in Resources */ = {isa = PBXBuildFile; fileRef = F25F09D72567CD9100864CD5 /* Assets.xcassets */; };
		F25F09DB2567CD9100864CD5 /* MainMenu.xib in Resources */ = {isa = PBXBuildFile; fileRef = F25F09D92567CD9100864CD5 /* MainMenu.xib */; };
		F25F09DE2567CD9100864CD5 /* main.m in Sources */ = {isa = PBXBuildFile; fileRef = F25F09DD2567CD9100864CD5 /* main.m */; };
		F25F09E62567CEE500864CD5 /* NSCustomAlert.mm in Sources */ = {isa = PBXBuildFile; fileRef = F25F09E52567CEE500864CD5 /* NSCustomAlert.mm */; };
/* End PBXBuildFile section */

/* Begin PBXContainerItemProxy section */
		5B2BB6A5296BD34C005E39E0 /* PBXContainerItemProxy */ = {
			isa = PBXContainerItemProxy;
			containerPortal = F25F09C92567CD9000864CD5 /* Project object */;
			proxyType = 1;
			remoteGlobalIDString = 5B375A1E296AB5E50078574C;
			remoteInfo = NSClassicAlert;
		};
		5B375A2A296AB5E50078574C /* PBXContainerItemProxy */ = {
			isa = PBXContainerItemProxy;
			containerPortal = F25F09C92567CD9000864CD5 /* Project object */;
			proxyType = 1;
			remoteGlobalIDString = 5B375A1E296AB5E50078574C;
			remoteInfo = NSClassicAlert;
		};
/* End PBXContainerItemProxy section */

/* Begin PBXCopyFilesBuildPhase section */
		5B2BB6A7296BD34C005E39E0 /* Embed Frameworks */ = {
			isa = PBXCopyFilesBuildPhase;
			buildActionMask = 2147483647;
			dstPath = "";
			dstSubfolderSpec = 10;
			files = (
				5B2BB6A4296BD34C005E39E0 /* NSClassicAlert.framework in Embed Frameworks */,
			);
			name = "Embed Frameworks";
			runOnlyForDeploymentPostprocessing = 0;
		};
/* End PBXCopyFilesBuildPhase section */

/* Begin PBXFileReference section */
		5B2BB695296BD329005E39E0 /* NSClassicAlertDemo.app */ = {isa = PBXFileReference; explicitFileType = wrapper.application; includeInIndex = 0; path = NSClassicAlertDemo.app; sourceTree = BUILT_PRODUCTS_DIR; };
		5B2BB697296BD329005E39E0 /* AppDelegate.swift */ = {isa = PBXFileReference; lastKnownFileType = sourcecode.swift; path = AppDelegate.swift; sourceTree = "<group>"; };
		5B2BB699296BD32C005E39E0 /* Assets.xcassets */ = {isa = PBXFileReference; lastKnownFileType = folder.assetcatalog; path = Assets.xcassets; sourceTree = "<group>"; };
		5B2BB69C296BD32C005E39E0 /* Base */ = {isa = PBXFileReference; lastKnownFileType = file.xib; name = Base; path = Base.lproj/MainMenu.xib; sourceTree = "<group>"; };
		5B2BB69E296BD32C005E39E0 /* NSClassicAlertDemo.entitlements */ = {isa = PBXFileReference; lastKnownFileType = text.plist.entitlements; path = NSClassicAlertDemo.entitlements; sourceTree = "<group>"; };
		5B375A1F296AB5E50078574C /* NSClassicAlert.framework */ = {isa = PBXFileReference; explicitFileType = wrapper.framework; includeInIndex = 0; path = NSClassicAlert.framework; sourceTree = BUILT_PRODUCTS_DIR; };
		5B375A21296AB5E50078574C /* NSClassicAlert.swift */ = {isa = PBXFileReference; lastKnownFileType = sourcecode.swift; path = NSClassicAlert.swift; sourceTree = "<group>"; };
		5B375A22296AB5E50078574C /* NSClassicAlert.docc */ = {isa = PBXFileReference; lastKnownFileType = folder.documentationcatalog; path = NSClassicAlert.docc; sourceTree = "<group>"; };
		5B375A28296AB5E50078574C /* NSClassicAlertTests.xctest */ = {isa = PBXFileReference; explicitFileType = wrapper.cfbundle; includeInIndex = 0; path = NSClassicAlertTests.xctest; sourceTree = BUILT_PRODUCTS_DIR; };
		5B375A2D296AB5E50078574C /* NSClassicAlertTests.swift */ = {isa = PBXFileReference; lastKnownFileType = sourcecode.swift; path = NSClassicAlertTests.swift; sourceTree = "<group>"; };
		F25F09D12567CD9000864CD5 /* NSCustomAlert.app */ = {isa = PBXFileReference; explicitFileType = wrapper.application; includeInIndex = 0; path = NSCustomAlert.app; sourceTree = BUILT_PRODUCTS_DIR; };
		F25F09D42567CD9000864CD5 /* AppDelegate.h */ = {isa = PBXFileReference; lastKnownFileType = sourcecode.c.h; path = AppDelegate.h; sourceTree = "<group>"; };
		F25F09D52567CD9000864CD5 /* AppDelegate.m */ = {isa = PBXFileReference; lastKnownFileType = sourcecode.c.objc; path = AppDelegate.m; sourceTree = "<group>"; };
		F25F09D72567CD9100864CD5 /* Assets.xcassets */ = {isa = PBXFileReference; lastKnownFileType = folder.assetcatalog; path = Assets.xcassets; sourceTree = "<group>"; };
		F25F09DA2567CD9100864CD5 /* Base */ = {isa = PBXFileReference; lastKnownFileType = file.xib; name = Base; path = Base.lproj/MainMenu.xib; sourceTree = "<group>"; };
		F25F09DC2567CD9100864CD5 /* Info.plist */ = {isa = PBXFileReference; lastKnownFileType = text.plist.xml; path = Info.plist; sourceTree = "<group>"; };
		F25F09DD2567CD9100864CD5 /* main.m */ = {isa = PBXFileReference; lastKnownFileType = sourcecode.c.objc; path = main.m; sourceTree = "<group>"; };
		F25F09E52567CEE500864CD5 /* NSCustomAlert.mm */ = {isa = PBXFileReference; fileEncoding = 4; lastKnownFileType = sourcecode.cpp.objcpp; path = NSCustomAlert.mm; sourceTree = "<group>"; };
		F25F09E72567D14300864CD5 /* NSCustomAlert.h */ = {isa = PBXFileReference; lastKnownFileType = sourcecode.c.h; path = NSCustomAlert.h; sourceTree = "<group>"; };
		F281946D256A4FEE00BCAB68 /* NSCustomAlert.entitlements */ = {isa = PBXFileReference; lastKnownFileType = text.plist.entitlements; path = NSCustomAlert.entitlements; sourceTree = "<group>"; };
		F281946E256A573B00BCAB68 /* NSCustomAlertProtocol.h */ = {isa = PBXFileReference; lastKnownFileType = sourcecode.c.h; path = NSCustomAlertProtocol.h; sourceTree = "<group>"; };
/* End PBXFileReference section */

/* Begin PBXFrameworksBuildPhase section */
		5B2BB692296BD329005E39E0 /* Frameworks */ = {
			isa = PBXFrameworksBuildPhase;
			buildActionMask = 2147483647;
			files = (
				5B2BB6A3296BD34C005E39E0 /* NSClassicAlert.framework in Frameworks */,
			);
			runOnlyForDeploymentPostprocessing = 0;
		};
		5B375A1C296AB5E50078574C /* Frameworks */ = {
			isa = PBXFrameworksBuildPhase;
			buildActionMask = 2147483647;
			files = (
			);
			runOnlyForDeploymentPostprocessing = 0;
		};
		5B375A25296AB5E50078574C /* Frameworks */ = {
			isa = PBXFrameworksBuildPhase;
			buildActionMask = 2147483647;
			files = (
				5B375A29296AB5E50078574C /* NSClassicAlert.framework in Frameworks */,
			);
			runOnlyForDeploymentPostprocessing = 0;
		};
		F25F09CE2567CD9000864CD5 /* Frameworks */ = {
			isa = PBXFrameworksBuildPhase;
			buildActionMask = 2147483647;
			files = (
			);
			runOnlyForDeploymentPostprocessing = 0;
		};
/* End PBXFrameworksBuildPhase section */

/* Begin PBXGroup section */
		5B2BB696296BD329005E39E0 /* NSClassicAlertDemo */ = {
			isa = PBXGroup;
			children = (
				5B2BB697296BD329005E39E0 /* AppDelegate.swift */,
				5B2BB699296BD32C005E39E0 /* Assets.xcassets */,
				5B2BB69B296BD32C005E39E0 /* MainMenu.xib */,
				5B2BB69E296BD32C005E39E0 /* NSClassicAlertDemo.entitlements */,
			);
			path = NSClassicAlertDemo;
			sourceTree = "<group>";
		};
		5B2BB6A2296BD34C005E39E0 /* Frameworks */ = {
			isa = PBXGroup;
			children = (
			);
			name = Frameworks;
			sourceTree = "<group>";
		};
		5B375A20296AB5E50078574C /* NSClassicAlert */ = {
			isa = PBXGroup;
			children = (
				5B375A21296AB5E50078574C /* NSClassicAlert.swift */,
				5B375A22296AB5E50078574C /* NSClassicAlert.docc */,
			);
			path = NSClassicAlert;
			sourceTree = "<group>";
		};
		5B375A2C296AB5E50078574C /* NSClassicAlertTests */ = {
			isa = PBXGroup;
			children = (
				5B375A2D296AB5E50078574C /* NSClassicAlertTests.swift */,
			);
			path = NSClassicAlertTests;
			sourceTree = "<group>";
		};
		F25F09C82567CD9000864CD5 = {
			isa = PBXGroup;
			children = (
				F25F09D32567CD9000864CD5 /* NSCustomAlert */,
				5B375A20296AB5E50078574C /* NSClassicAlert */,
				5B375A2C296AB5E50078574C /* NSClassicAlertTests */,
				5B2BB696296BD329005E39E0 /* NSClassicAlertDemo */,
				F25F09D22567CD9000864CD5 /* Products */,
				5B2BB6A2296BD34C005E39E0 /* Frameworks */,
			);
			sourceTree = "<group>";
		};
		F25F09D22567CD9000864CD5 /* Products */ = {
			isa = PBXGroup;
			children = (
				F25F09D12567CD9000864CD5 /* NSCustomAlert.app */,
				5B375A1F296AB5E50078574C /* NSClassicAlert.framework */,
				5B375A28296AB5E50078574C /* NSClassicAlertTests.xctest */,
				5B2BB695296BD329005E39E0 /* NSClassicAlertDemo.app */,
			);
			name = Products;
			sourceTree = "<group>";
		};
		F25F09D32567CD9000864CD5 /* NSCustomAlert */ = {
			isa = PBXGroup;
			children = (
				F281946D256A4FEE00BCAB68 /* NSCustomAlert.entitlements */,
				F25F09D42567CD9000864CD5 /* AppDelegate.h */,
				F25F09E72567D14300864CD5 /* NSCustomAlert.h */,
				F281946E256A573B00BCAB68 /* NSCustomAlertProtocol.h */,
				F25F09D52567CD9000864CD5 /* AppDelegate.m */,
				F25F09DD2567CD9100864CD5 /* main.m */,
				F25F09E52567CEE500864CD5 /* NSCustomAlert.mm */,
				F25F09DC2567CD9100864CD5 /* Info.plist */,
				F25F09D72567CD9100864CD5 /* Assets.xcassets */,
				F25F09D92567CD9100864CD5 /* MainMenu.xib */,
			);
			path = NSCustomAlert;
			sourceTree = "<group>";
		};
/* End PBXGroup section */

/* Begin PBXHeadersBuildPhase section */
		5B375A1A296AB5E50078574C /* Headers */ = {
			isa = PBXHeadersBuildPhase;
			buildActionMask = 2147483647;
			files = (
			);
			runOnlyForDeploymentPostprocessing = 0;
		};
/* End PBXHeadersBuildPhase section */

/* Begin PBXNativeTarget section */
		5B2BB694296BD329005E39E0 /* NSClassicAlertDemo */ = {
			isa = PBXNativeTarget;
			buildConfigurationList = 5B2BB6A1296BD32C005E39E0 /* Build configuration list for PBXNativeTarget "NSClassicAlertDemo" */;
			buildPhases = (
				5B2BB691296BD329005E39E0 /* Sources */,
				5B2BB692296BD329005E39E0 /* Frameworks */,
				5B2BB693296BD329005E39E0 /* Resources */,
				5B2BB6A7296BD34C005E39E0 /* Embed Frameworks */,
			);
			buildRules = (
			);
			dependencies = (
				5B2BB6A6296BD34C005E39E0 /* PBXTargetDependency */,
			);
			name = NSClassicAlertDemo;
			productName = NSClassicAlertDemo;
			productReference = 5B2BB695296BD329005E39E0 /* NSClassicAlertDemo.app */;
			productType = "com.apple.product-type.application";
		};
		5B375A1E296AB5E50078574C /* NSClassicAlert */ = {
			isa = PBXNativeTarget;
			buildConfigurationList = 5B375A34296AB5E50078574C /* Build configuration list for PBXNativeTarget "NSClassicAlert" */;
			buildPhases = (
				5B375A1A296AB5E50078574C /* Headers */,
				5B375A1B296AB5E50078574C /* Sources */,
				5B375A1C296AB5E50078574C /* Frameworks */,
				5B375A1D296AB5E50078574C /* Resources */,
			);
			buildRules = (
			);
			dependencies = (
			);
			name = NSClassicAlert;
			productName = NSClassicAlert;
			productReference = 5B375A1F296AB5E50078574C /* NSClassicAlert.framework */;
			productType = "com.apple.product-type.framework";
		};
		5B375A27296AB5E50078574C /* NSClassicAlertTests */ = {
			isa = PBXNativeTarget;
			buildConfigurationList = 5B375A35296AB5E50078574C /* Build configuration list for PBXNativeTarget "NSClassicAlertTests" */;
			buildPhases = (
				5B375A24296AB5E50078574C /* Sources */,
				5B375A25296AB5E50078574C /* Frameworks */,
				5B375A26296AB5E50078574C /* Resources */,
			);
			buildRules = (
			);
			dependencies = (
				5B375A2B296AB5E50078574C /* PBXTargetDependency */,
			);
			name = NSClassicAlertTests;
			productName = NSClassicAlertTests;
			productReference = 5B375A28296AB5E50078574C /* NSClassicAlertTests.xctest */;
			productType = "com.apple.product-type.bundle.unit-test";
		};
		F25F09D02567CD9000864CD5 /* NSCustomAlert */ = {
			isa = PBXNativeTarget;
			buildConfigurationList = F25F09E22567CD9100864CD5 /* Build configuration list for PBXNativeTarget "NSCustomAlert" */;
			buildPhases = (
				F25F09CD2567CD9000864CD5 /* Sources */,
				F25F09CE2567CD9000864CD5 /* Frameworks */,
				F25F09CF2567CD9000864CD5 /* Resources */,
			);
			buildRules = (
			);
			dependencies = (
			);
			name = NSCustomAlert;
			productName = NSCustomAlert;
			productReference = F25F09D12567CD9000864CD5 /* NSCustomAlert.app */;
			productType = "com.apple.product-type.application";
		};
/* End PBXNativeTarget section */

/* Begin PBXProject section */
		F25F09C92567CD9000864CD5 /* Project object */ = {
			isa = PBXProject;
			attributes = {
				LastSwiftUpdateCheck = 1410;
				LastUpgradeCheck = 0940;
				ORGANIZATIONNAME = "Mark Coniglio";
				TargetAttributes = {
					5B2BB694296BD329005E39E0 = {
						CreatedOnToolsVersion = 14.1;
					};
					5B375A1E296AB5E50078574C = {
						CreatedOnToolsVersion = 14.1;
					};
					5B375A27296AB5E50078574C = {
						CreatedOnToolsVersion = 14.1;
					};
					F25F09D02567CD9000864CD5 = {
						CreatedOnToolsVersion = 9.4.1;
					};
				};
			};
			buildConfigurationList = F25F09CC2567CD9000864CD5 /* Build configuration list for PBXProject "NSCustomAlert" */;
			compatibilityVersion = "Xcode 9.3";
			developmentRegion = en;
			hasScannedForEncodings = 0;
			knownRegions = (
				en,
				Base,
			);
			mainGroup = F25F09C82567CD9000864CD5;
			productRefGroup = F25F09D22567CD9000864CD5 /* Products */;
			projectDirPath = "";
			projectRoot = "";
			targets = (
				F25F09D02567CD9000864CD5 /* NSCustomAlert */,
				5B375A1E296AB5E50078574C /* NSClassicAlert */,
				5B375A27296AB5E50078574C /* NSClassicAlertTests */,
				5B2BB694296BD329005E39E0 /* NSClassicAlertDemo */,
			);
		};
/* End PBXProject section */

/* Begin PBXResourcesBuildPhase section */
		5B2BB693296BD329005E39E0 /* Resources */ = {
			isa = PBXResourcesBuildPhase;
			buildActionMask = 2147483647;
			files = (
				5B2BB69A296BD32C005E39E0 /* Assets.xcassets in Resources */,
				5B2BB69D296BD32C005E39E0 /* MainMenu.xib in Resources */,
			);
			runOnlyForDeploymentPostprocessing = 0;
		};
		5B375A1D296AB5E50078574C /* Resources */ = {
			isa = PBXResourcesBuildPhase;
			buildActionMask = 2147483647;
			files = (
			);
			runOnlyForDeploymentPostprocessing = 0;
		};
		5B375A26296AB5E50078574C /* Resources */ = {
			isa = PBXResourcesBuildPhase;
			buildActionMask = 2147483647;
			files = (
			);
			runOnlyForDeploymentPostprocessing = 0;
		};
		F25F09CF2567CD9000864CD5 /* Resources */ = {
			isa = PBXResourcesBuildPhase;
			buildActionMask = 2147483647;
			files = (
				F25F09D82567CD9100864CD5 /* Assets.xcassets in Resources */,
				F25F09DB2567CD9100864CD5 /* MainMenu.xib in Resources */,
			);
			runOnlyForDeploymentPostprocessing = 0;
		};
/* End PBXResourcesBuildPhase section */

/* Begin PBXSourcesBuildPhase section */
		5B2BB691296BD329005E39E0 /* Sources */ = {
			isa = PBXSourcesBuildPhase;
			buildActionMask = 2147483647;
			files = (
				5B2BB698296BD329005E39E0 /* AppDelegate.swift in Sources */,
			);
			runOnlyForDeploymentPostprocessing = 0;
		};
		5B375A1B296AB5E50078574C /* Sources */ = {
			isa = PBXSourcesBuildPhase;
			buildActionMask = 2147483647;
			files = (
				5B375A36296AB6AB0078574C /* NSClassicAlert.swift in Sources */,
				5B375A23296AB5E50078574C /* NSClassicAlert.docc in Sources */,
			);
			runOnlyForDeploymentPostprocessing = 0;
		};
		5B375A24296AB5E50078574C /* Sources */ = {
			isa = PBXSourcesBuildPhase;
			buildActionMask = 2147483647;
			files = (
				5B375A2E296AB5E50078574C /* NSClassicAlertTests.swift in Sources */,
			);
			runOnlyForDeploymentPostprocessing = 0;
		};
		F25F09CD2567CD9000864CD5 /* Sources */ = {
			isa = PBXSourcesBuildPhase;
			buildActionMask = 2147483647;
			files = (
				F25F09DE2567CD9100864CD5 /* main.m in Sources */,
				F25F09D62567CD9000864CD5 /* AppDelegate.m in Sources */,
				F25F09E62567CEE500864CD5 /* NSCustomAlert.mm in Sources */,
			);
			runOnlyForDeploymentPostprocessing = 0;
		};
/* End PBXSourcesBuildPhase section */

/* Begin PBXTargetDependency section */
		5B2BB6A6296BD34C005E39E0 /* PBXTargetDependency */ = {
			isa = PBXTargetDependency;
			target = 5B375A1E296AB5E50078574C /* NSClassicAlert */;
			targetProxy = 5B2BB6A5296BD34C005E39E0 /* PBXContainerItemProxy */;
		};
		5B375A2B296AB5E50078574C /* PBXTargetDependency */ = {
			isa = PBXTargetDependency;
			target = 5B375A1E296AB5E50078574C /* NSClassicAlert */;
			targetProxy = 5B375A2A296AB5E50078574C /* PBXContainerItemProxy */;
		};
/* End PBXTargetDependency section */

/* Begin PBXVariantGroup section */
		5B2BB69B296BD32C005E39E0 /* MainMenu.xib */ = {
			isa = PBXVariantGroup;
			children = (
				5B2BB69C296BD32C005E39E0 /* Base */,
			);
			name = MainMenu.xib;
			sourceTree = "<group>";
		};
		F25F09D92567CD9100864CD5 /* MainMenu.xib */ = {
			isa = PBXVariantGroup;
			children = (
				F25F09DA2567CD9100864CD5 /* Base */,
			);
			name = MainMenu.xib;
			sourceTree = "<group>";
		};
/* End PBXVariantGroup section */

/* Begin XCBuildConfiguration section */
		5B2BB69F296BD32C005E39E0 /* Debug */ = {
			isa = XCBuildConfiguration;
			buildSettings = {
				ASSETCATALOG_COMPILER_APPICON_NAME = AppIcon;
				ASSETCATALOG_COMPILER_GLOBAL_ACCENT_COLOR_NAME = AccentColor;
				CLANG_CXX_LANGUAGE_STANDARD = "gnu++20";
				CLANG_ENABLE_OBJC_ARC = YES;
				CLANG_WARN_QUOTED_INCLUDE_IN_FRAMEWORK_HEADER = YES;
				CODE_SIGN_ENTITLEMENTS = NSClassicAlertDemo/NSClassicAlertDemo.entitlements;
				CODE_SIGN_STYLE = Automatic;
				COMBINE_HIDPI_IMAGES = YES;
				CURRENT_PROJECT_VERSION = 1;
				DEVELOPMENT_TEAM = WEY3MS268C;
				ENABLE_HARDENED_RUNTIME = YES;
				GENERATE_INFOPLIST_FILE = YES;
				INFOPLIST_KEY_NSHumanReadableCopyright = "Copyright © 2023 Mark Coniglio. All rights reserved.";
				INFOPLIST_KEY_NSMainNibFile = MainMenu;
				INFOPLIST_KEY_NSPrincipalClass = NSApplication;
				LD_RUNPATH_SEARCH_PATHS = (
					"$(inherited)",
					"@executable_path/../Frameworks",
				);
				MACOSX_DEPLOYMENT_TARGET = 13.0;
				MARKETING_VERSION = 1.0;
				MTL_ENABLE_DEBUG_INFO = INCLUDE_SOURCE;
				MTL_FAST_MATH = YES;
				PRODUCT_BUNDLE_IDENTIFIER = org.atelierInmu.NSClassicAlertDemo;
				PRODUCT_NAME = "$(TARGET_NAME)";
				SWIFT_ACTIVE_COMPILATION_CONDITIONS = DEBUG;
				SWIFT_EMIT_LOC_STRINGS = YES;
				SWIFT_OPTIMIZATION_LEVEL = "-Onone";
				SWIFT_VERSION = 5.0;
			};
			name = Debug;
		};
		5B2BB6A0296BD32C005E39E0 /* Release */ = {
			isa = XCBuildConfiguration;
			buildSettings = {
				ASSETCATALOG_COMPILER_APPICON_NAME = AppIcon;
				ASSETCATALOG_COMPILER_GLOBAL_ACCENT_COLOR_NAME = AccentColor;
				CLANG_CXX_LANGUAGE_STANDARD = "gnu++20";
				CLANG_ENABLE_OBJC_ARC = YES;
				CLANG_WARN_QUOTED_INCLUDE_IN_FRAMEWORK_HEADER = YES;
				CODE_SIGN_ENTITLEMENTS = NSClassicAlertDemo/NSClassicAlertDemo.entitlements;
				CODE_SIGN_STYLE = Automatic;
				COMBINE_HIDPI_IMAGES = YES;
				CURRENT_PROJECT_VERSION = 1;
				DEVELOPMENT_TEAM = WEY3MS268C;
				ENABLE_HARDENED_RUNTIME = YES;
				GENERATE_INFOPLIST_FILE = YES;
				INFOPLIST_KEY_NSHumanReadableCopyright = "Copyright © 2023 Mark Coniglio. All rights reserved.";
				INFOPLIST_KEY_NSMainNibFile = MainMenu;
				INFOPLIST_KEY_NSPrincipalClass = NSApplication;
				LD_RUNPATH_SEARCH_PATHS = (
					"$(inherited)",
					"@executable_path/../Frameworks",
				);
				MACOSX_DEPLOYMENT_TARGET = 13.0;
				MARKETING_VERSION = 1.0;
				MTL_FAST_MATH = YES;
				PRODUCT_BUNDLE_IDENTIFIER = org.atelierInmu.NSClassicAlertDemo;
				PRODUCT_NAME = "$(TARGET_NAME)";
				SWIFT_COMPILATION_MODE = wholemodule;
				SWIFT_EMIT_LOC_STRINGS = YES;
				SWIFT_OPTIMIZATION_LEVEL = "-O";
				SWIFT_VERSION = 5.0;
			};
			name = Release;
		};
		5B375A30296AB5E50078574C /* Debug */ = {
			isa = XCBuildConfiguration;
			buildSettings = {
				CLANG_CXX_LANGUAGE_STANDARD = "gnu++20";
				CLANG_ENABLE_OBJC_ARC = YES;
				CLANG_WARN_QUOTED_INCLUDE_IN_FRAMEWORK_HEADER = YES;
				CODE_SIGN_STYLE = Automatic;
				COMBINE_HIDPI_IMAGES = YES;
				CURRENT_PROJECT_VERSION = 1;
				DEFINES_MODULE = YES;
				DEVELOPMENT_TEAM = WEY3MS268C;
				DYLIB_COMPATIBILITY_VERSION = 1;
				DYLIB_CURRENT_VERSION = 1;
				DYLIB_INSTALL_NAME_BASE = "@rpath";
				GENERATE_INFOPLIST_FILE = YES;
				INFOPLIST_KEY_NSHumanReadableCopyright = "Copyright © 2023 Mark Coniglio. All rights reserved.";
				INSTALL_PATH = "$(LOCAL_LIBRARY_DIR)/Frameworks";
				LD_RUNPATH_SEARCH_PATHS = (
					"$(inherited)",
					"@executable_path/../Frameworks",
					"@loader_path/Frameworks",
				);
				MACOSX_DEPLOYMENT_TARGET = 11.0;
				MARKETING_VERSION = 1.0;
				MTL_ENABLE_DEBUG_INFO = INCLUDE_SOURCE;
				MTL_FAST_MATH = YES;
				PRODUCT_BUNDLE_IDENTIFIER = org.atelierInmu.NSClassicAlert;
				PRODUCT_NAME = "$(TARGET_NAME:c99extidentifier)";
				SKIP_INSTALL = YES;
				SWIFT_ACTIVE_COMPILATION_CONDITIONS = DEBUG;
				SWIFT_EMIT_LOC_STRINGS = YES;
				SWIFT_OPTIMIZATION_LEVEL = "-Onone";
				SWIFT_VERSION = 5.0;
				VERSIONING_SYSTEM = "apple-generic";
				VERSION_INFO_PREFIX = "";
			};
			name = Debug;
		};
		5B375A31296AB5E50078574C /* Release */ = {
			isa = XCBuildConfiguration;
			buildSettings = {
				CLANG_CXX_LANGUAGE_STANDARD = "gnu++20";
				CLANG_ENABLE_OBJC_ARC = YES;
				CLANG_WARN_QUOTED_INCLUDE_IN_FRAMEWORK_HEADER = YES;
				CODE_SIGN_STYLE = Automatic;
				COMBINE_HIDPI_IMAGES = YES;
				CURRENT_PROJECT_VERSION = 1;
				DEFINES_MODULE = YES;
				DEVELOPMENT_TEAM = WEY3MS268C;
				DYLIB_COMPATIBILITY_VERSION = 1;
				DYLIB_CURRENT_VERSION = 1;
				DYLIB_INSTALL_NAME_BASE = "@rpath";
				GENERATE_INFOPLIST_FILE = YES;
				INFOPLIST_KEY_NSHumanReadableCopyright = "Copyright © 2023 Mark Coniglio. All rights reserved.";
				INSTALL_PATH = "$(LOCAL_LIBRARY_DIR)/Frameworks";
				LD_RUNPATH_SEARCH_PATHS = (
					"$(inherited)",
					"@executable_path/../Frameworks",
					"@loader_path/Frameworks",
				);
				MACOSX_DEPLOYMENT_TARGET = 11.0;
				MARKETING_VERSION = 1.0;
				MTL_FAST_MATH = YES;
				PRODUCT_BUNDLE_IDENTIFIER = org.atelierInmu.NSClassicAlert;
				PRODUCT_NAME = "$(TARGET_NAME:c99extidentifier)";
				SKIP_INSTALL = YES;
				SWIFT_COMPILATION_MODE = wholemodule;
				SWIFT_EMIT_LOC_STRINGS = YES;
				SWIFT_OPTIMIZATION_LEVEL = "-O";
				SWIFT_VERSION = 5.0;
				VERSIONING_SYSTEM = "apple-generic";
				VERSION_INFO_PREFIX = "";
			};
			name = Release;
		};
		5B375A32296AB5E50078574C /* Debug */ = {
			isa = XCBuildConfiguration;
			buildSettings = {
				ALWAYS_EMBED_SWIFT_STANDARD_LIBRARIES = YES;
				CLANG_CXX_LANGUAGE_STANDARD = "gnu++20";
				CLANG_ENABLE_OBJC_ARC = YES;
				CLANG_WARN_QUOTED_INCLUDE_IN_FRAMEWORK_HEADER = YES;
				CODE_SIGN_STYLE = Automatic;
				CURRENT_PROJECT_VERSION = 1;
				DEVELOPMENT_TEAM = WEY3MS268C;
				GENERATE_INFOPLIST_FILE = YES;
				MACOSX_DEPLOYMENT_TARGET = 13.0;
				MARKETING_VERSION = 1.0;
				MTL_ENABLE_DEBUG_INFO = INCLUDE_SOURCE;
				MTL_FAST_MATH = YES;
				PRODUCT_BUNDLE_IDENTIFIER = org.atelierInmu.NSClassicAlertTests;
				PRODUCT_NAME = "$(TARGET_NAME)";
				SWIFT_ACTIVE_COMPILATION_CONDITIONS = DEBUG;
				SWIFT_EMIT_LOC_STRINGS = NO;
				SWIFT_OPTIMIZATION_LEVEL = "-Onone";
				SWIFT_VERSION = 5.0;
			};
			name = Debug;
		};
		5B375A33296AB5E50078574C /* Release */ = {
			isa = XCBuildConfiguration;
			buildSettings = {
				ALWAYS_EMBED_SWIFT_STANDARD_LIBRARIES = YES;
				CLANG_CXX_LANGUAGE_STANDARD = "gnu++20";
				CLANG_ENABLE_OBJC_ARC = YES;
				CLANG_WARN_QUOTED_INCLUDE_IN_FRAMEWORK_HEADER = YES;
				CODE_SIGN_STYLE = Automatic;
				CURRENT_PROJECT_VERSION = 1;
				DEVELOPMENT_TEAM = WEY3MS268C;
				GENERATE_INFOPLIST_FILE = YES;
				MACOSX_DEPLOYMENT_TARGET = 13.0;
				MARKETING_VERSION = 1.0;
				MTL_FAST_MATH = YES;
				PRODUCT_BUNDLE_IDENTIFIER = org.atelierInmu.NSClassicAlertTests;
				PRODUCT_NAME = "$(TARGET_NAME)";
				SWIFT_COMPILATION_MODE = wholemodule;
				SWIFT_EMIT_LOC_STRINGS = NO;
				SWIFT_OPTIMIZATION_LEVEL = "-O";
				SWIFT_VERSION = 5.0;
			};
			name = Release;
		};
		F25F09E02567CD9100864CD5 /* Debug */ = {
			isa = XCBuildConfiguration;
			buildSettings = {
				ALWAYS_SEARCH_USER_PATHS = NO;
				CLANG_ANALYZER_NONNULL = YES;
				CLANG_ANALYZER_NUMBER_OBJECT_CONVERSION = YES_AGGRESSIVE;
				CLANG_CXX_LANGUAGE_STANDARD = "gnu++14";
				CLANG_CXX_LIBRARY = "libc++";
				CLANG_ENABLE_MODULES = YES;
				CLANG_ENABLE_OBJC_ARC = NO;
				CLANG_ENABLE_OBJC_WEAK = YES;
				CLANG_WARN_BLOCK_CAPTURE_AUTORELEASING = YES;
				CLANG_WARN_BOOL_CONVERSION = YES;
				CLANG_WARN_COMMA = YES;
				CLANG_WARN_CONSTANT_CONVERSION = YES;
				CLANG_WARN_DEPRECATED_OBJC_IMPLEMENTATIONS = YES;
				CLANG_WARN_DIRECT_OBJC_ISA_USAGE = YES_ERROR;
				CLANG_WARN_DOCUMENTATION_COMMENTS = YES;
				CLANG_WARN_EMPTY_BODY = YES;
				CLANG_WARN_ENUM_CONVERSION = YES;
				CLANG_WARN_INFINITE_RECURSION = YES;
				CLANG_WARN_INT_CONVERSION = YES;
				CLANG_WARN_NON_LITERAL_NULL_CONVERSION = YES;
				CLANG_WARN_OBJC_IMPLICIT_RETAIN_SELF = YES;
				CLANG_WARN_OBJC_LITERAL_CONVERSION = YES;
				CLANG_WARN_OBJC_ROOT_CLASS = YES_ERROR;
				CLANG_WARN_RANGE_LOOP_ANALYSIS = YES;
				CLANG_WARN_STRICT_PROTOTYPES = YES;
				CLANG_WARN_SUSPICIOUS_MOVE = YES;
				CLANG_WARN_UNGUARDED_AVAILABILITY = YES_AGGRESSIVE;
				CLANG_WARN_UNREACHABLE_CODE = YES;
				CLANG_WARN__DUPLICATE_METHOD_MATCH = YES;
				CODE_SIGN_IDENTITY = "Mac Developer";
				COPY_PHASE_STRIP = NO;
				DEBUG_INFORMATION_FORMAT = dwarf;
				ENABLE_STRICT_OBJC_MSGSEND = YES;
				ENABLE_TESTABILITY = YES;
				GCC_C_LANGUAGE_STANDARD = gnu11;
				GCC_DYNAMIC_NO_PIC = NO;
				GCC_NO_COMMON_BLOCKS = YES;
				GCC_OPTIMIZATION_LEVEL = 0;
				GCC_PREPROCESSOR_DEFINITIONS = (
					"DEBUG=1",
					"$(inherited)",
				);
				GCC_WARN_64_TO_32_BIT_CONVERSION = YES;
				GCC_WARN_ABOUT_RETURN_TYPE = YES_ERROR;
				GCC_WARN_UNDECLARED_SELECTOR = YES;
				GCC_WARN_UNINITIALIZED_AUTOS = YES_AGGRESSIVE;
				GCC_WARN_UNUSED_FUNCTION = YES;
				GCC_WARN_UNUSED_VARIABLE = YES;
				MACOSX_DEPLOYMENT_TARGET = 10.13;
				MTL_ENABLE_DEBUG_INFO = YES;
				ONLY_ACTIVE_ARCH = YES;
				SDKROOT = macosx;
			};
			name = Debug;
		};
		F25F09E12567CD9100864CD5 /* Release */ = {
			isa = XCBuildConfiguration;
			buildSettings = {
				ALWAYS_SEARCH_USER_PATHS = NO;
				CLANG_ANALYZER_NONNULL = YES;
				CLANG_ANALYZER_NUMBER_OBJECT_CONVERSION = YES_AGGRESSIVE;
				CLANG_CXX_LANGUAGE_STANDARD = "gnu++14";
				CLANG_CXX_LIBRARY = "libc++";
				CLANG_ENABLE_MODULES = YES;
				CLANG_ENABLE_OBJC_ARC = NO;
				CLANG_ENABLE_OBJC_WEAK = YES;
				CLANG_WARN_BLOCK_CAPTURE_AUTORELEASING = YES;
				CLANG_WARN_BOOL_CONVERSION = YES;
				CLANG_WARN_COMMA = YES;
				CLANG_WARN_CONSTANT_CONVERSION = YES;
				CLANG_WARN_DEPRECATED_OBJC_IMPLEMENTATIONS = YES;
				CLANG_WARN_DIRECT_OBJC_ISA_USAGE = YES_ERROR;
				CLANG_WARN_DOCUMENTATION_COMMENTS = YES;
				CLANG_WARN_EMPTY_BODY = YES;
				CLANG_WARN_ENUM_CONVERSION = YES;
				CLANG_WARN_INFINITE_RECURSION = YES;
				CLANG_WARN_INT_CONVERSION = YES;
				CLANG_WARN_NON_LITERAL_NULL_CONVERSION = YES;
				CLANG_WARN_OBJC_IMPLICIT_RETAIN_SELF = YES;
				CLANG_WARN_OBJC_LITERAL_CONVERSION = YES;
				CLANG_WARN_OBJC_ROOT_CLASS = YES_ERROR;
				CLANG_WARN_RANGE_LOOP_ANALYSIS = YES;
				CLANG_WARN_STRICT_PROTOTYPES = YES;
				CLANG_WARN_SUSPICIOUS_MOVE = YES;
				CLANG_WARN_UNGUARDED_AVAILABILITY = YES_AGGRESSIVE;
				CLANG_WARN_UNREACHABLE_CODE = YES;
				CLANG_WARN__DUPLICATE_METHOD_MATCH = YES;
				CODE_SIGN_IDENTITY = "Mac Developer";
				COPY_PHASE_STRIP = NO;
				DEBUG_INFORMATION_FORMAT = "dwarf-with-dsym";
				ENABLE_NS_ASSERTIONS = NO;
				ENABLE_STRICT_OBJC_MSGSEND = YES;
				GCC_C_LANGUAGE_STANDARD = gnu11;
				GCC_NO_COMMON_BLOCKS = YES;
				GCC_WARN_64_TO_32_BIT_CONVERSION = YES;
				GCC_WARN_ABOUT_RETURN_TYPE = YES_ERROR;
				GCC_WARN_UNDECLARED_SELECTOR = YES;
				GCC_WARN_UNINITIALIZED_AUTOS = YES_AGGRESSIVE;
				GCC_WARN_UNUSED_FUNCTION = YES;
				GCC_WARN_UNUSED_VARIABLE = YES;
				MACOSX_DEPLOYMENT_TARGET = 10.13;
				MTL_ENABLE_DEBUG_INFO = NO;
				SDKROOT = macosx;
			};
			name = Release;
		};
		F25F09E32567CD9100864CD5 /* Debug */ = {
			isa = XCBuildConfiguration;
			buildSettings = {
				ASSETCATALOG_COMPILER_APPICON_NAME = AppIcon;
				CODE_SIGN_ENTITLEMENTS = NSCustomAlert/NSCustomAlert.entitlements;
				CODE_SIGN_IDENTITY = "-";
				CODE_SIGN_STYLE = Automatic;
				COMBINE_HIDPI_IMAGES = YES;
				DEVELOPMENT_TEAM = "";
				INFOPLIST_FILE = NSCustomAlert/Info.plist;
				LD_RUNPATH_SEARCH_PATHS = (
					"$(inherited)",
					"@executable_path/../Frameworks",
				);
				MACOSX_DEPLOYMENT_TARGET = 10.13;
				PRODUCT_BUNDLE_IDENTIFIER = com.troikatronix.NSCustomAlert;
				PRODUCT_NAME = "$(TARGET_NAME)";
			};
			name = Debug;
		};
		F25F09E42567CD9100864CD5 /* Release */ = {
			isa = XCBuildConfiguration;
			buildSettings = {
				ASSETCATALOG_COMPILER_APPICON_NAME = AppIcon;
				CODE_SIGN_ENTITLEMENTS = NSCustomAlert/NSCustomAlert.entitlements;
				CODE_SIGN_IDENTITY = "-";
				CODE_SIGN_STYLE = Automatic;
				COMBINE_HIDPI_IMAGES = YES;
				DEVELOPMENT_TEAM = "";
				INFOPLIST_FILE = NSCustomAlert/Info.plist;
				LD_RUNPATH_SEARCH_PATHS = (
					"$(inherited)",
					"@executable_path/../Frameworks",
				);
				MACOSX_DEPLOYMENT_TARGET = 10.13;
				PRODUCT_BUNDLE_IDENTIFIER = com.troikatronix.NSCustomAlert;
				PRODUCT_NAME = "$(TARGET_NAME)";
			};
			name = Release;
		};
/* End XCBuildConfiguration section */

/* Begin XCConfigurationList section */
		5B2BB6A1296BD32C005E39E0 /* Build configuration list for PBXNativeTarget "NSClassicAlertDemo" */ = {
			isa = XCConfigurationList;
			buildConfigurations = (
				5B2BB69F296BD32C005E39E0 /* Debug */,
				5B2BB6A0296BD32C005E39E0 /* Release */,
			);
			defaultConfigurationIsVisible = 0;
			defaultConfigurationName = Release;
		};
		5B375A34296AB5E50078574C /* Build configuration list for PBXNativeTarget "NSClassicAlert" */ = {
			isa = XCConfigurationList;
			buildConfigurations = (
				5B375A30296AB5E50078574C /* Debug */,
				5B375A31296AB5E50078574C /* Release */,
			);
			defaultConfigurationIsVisible = 0;
			defaultConfigurationName = Release;
		};
		5B375A35296AB5E50078574C /* Build configuration list for PBXNativeTarget "NSClassicAlertTests" */ = {
			isa = XCConfigurationList;
			buildConfigurations = (
				5B375A32296AB5E50078574C /* Debug */,
				5B375A33296AB5E50078574C /* Release */,
			);
			defaultConfigurationIsVisible = 0;
			defaultConfigurationName = Release;
		};
		F25F09CC2567CD9000864CD5 /* Build configuration list for PBXProject "NSCustomAlert" */ = {
			isa = XCConfigurationList;
			buildConfigurations = (
				F25F09E02567CD9100864CD5 /* Debug */,
				F25F09E12567CD9100864CD5 /* Release */,
			);
			defaultConfigurationIsVisible = 0;
			defaultConfigurationName = Release;
		};
		F25F09E22567CD9100864CD5 /* Build configuration list for PBXNativeTarget "NSCustomAlert" */ = {
			isa = XCConfigurationList;
			buildConfigurations = (
				F25F09E32567CD9100864CD5 /* Debug */,
				F25F09E42567CD9100864CD5 /* Release */,
			);
			defaultConfigurationIsVisible = 0;
			defaultConfigurationName = Release;
		};
/* End XCConfigurationList section */
	};
	rootObject = F25F09C92567CD9000864CD5 /* Project object */;
}
